
Microsoft Visual Studio Solution File, Format Version 12.00
# Visual Studio Version 17
VisualStudioVersion = 17.11.35327.3
MinimumVisualStudioVersion = 10.0.40219.1
Project("{FAE04EC0-301F-11D3-BF4B-00C04F79EFBC}") = "Kütüphane Uygulaması", "Kütüphane Uygulaması.csproj", "{995D999B-CD02-40D7-9F54-0108B8F5CE85}"
EndProject
Global
	GlobalSection(SolutionConfigurationPlatforms) = preSolution
		Debug|Any CPU = Debug|Any CPU
		Release|Any CPU = Release|Any CPU
	EndGlobalSection
	GlobalSection(ProjectConfigurationPlatforms) = postSolution
		{995D999B-CD02-40D7-9F54-0108B8F5CE85}.Debug|Any CPU.ActiveCfg = Debug|Any CPU
		{995D999B-CD02-40D7-9F54-0108B8F5CE85}.Debug|Any CPU.Build.0 = Debug|Any CPU
		{995D999B-CD02-40D7-9F54-0108B8F5CE85}.Release|Any CPU.ActiveCfg = Release|Any CPU
		{995D999B-CD02-40D7-9F54-0108B8F5CE85}.Release|Any CPU.Build.0 = Release|Any CPU
	EndGlobalSection
	GlobalSection(SolutionProperties) = preSolution
		HideSolutionNode = FALSE
	EndGlobalSection
	GlobalSection(ExtensibilityGlobals) = postSolution
		SolutionGuid = {3D1E72A7-CFE1-4339-9702-2270A9D2BF62}
	EndGlobalSection
EndGlobal
